
Microsoft Visual Studio Solution File, Format Version 12.00
# Visual Studio Version 17
VisualStudioVersion = 17.9.34622.214
MinimumVisualStudioVersion = 10.0.40219.1
Project("{FAE04EC0-301F-11D3-BF4B-00C04F79EFBC}") = "Bloggie.Web", "Bloggie.Web\Bloggie.Web.csproj", "{0F02BEE8-6115-4599-9EC2-E4D784D2917C}"
EndProject
Global
	GlobalSection(SolutionConfigurationPlatforms) = preSolution
		Debug|Any CPU = Debug|Any CPU
		Release|Any CPU = Release|Any CPU
	EndGlobalSection
	GlobalSection(ProjectConfigurationPlatforms) = postSolution
		{0F02BEE8-6115-4599-9EC2-E4D784D2917C}.Debug|Any CPU.ActiveCfg = Debug|Any CPU
		{0F02BEE8-6115-4599-9EC2-E4D784D2917C}.Debug|Any CPU.Build.0 = Debug|Any CPU
		{0F02BEE8-6115-4599-9EC2-E4D784D2917C}.Release|Any CPU.ActiveCfg = Release|Any CPU
		{0F02BEE8-6115-4599-9EC2-E4D784D2917C}.Release|Any CPU.Build.0 = Release|Any CPU
	EndGlobalSection
	GlobalSection(SolutionProperties) = preSolution
		HideSolutionNode = FALSE
	EndGlobalSection
	GlobalSection(ExtensibilityGlobals) = postSolution
		SolutionGuid = {B44A770D-573D-47C9-B91F-6726F6EB9E8E}
	EndGlobalSection
EndGlobal
